
Microsoft Visual Studio Solution File, Format Version 12.00
# Visual Studio 15
VisualStudioVersion = 15.0.27703.2047
MinimumVisualStudioVersion = 10.0.40219.1
Project("{FAE04EC0-301F-11D3-BF4B-00C04F79EFBC}") = "SpectralPlayerApp", "SpectralPlayerApp\SpectralPlayerApp.csproj", "{D5020D75-8FD3-4744-983C-7EBA636FA457}"
EndProject
Project("{FAE04EC0-301F-11D3-BF4B-00C04F79EFBC}") = "MusicLibraryLib", "MusicLibraryLib\MusicLibraryLib.csproj", "{1DA8E475-7EF7-4A44-AFAD-429C74C670A6}"
EndProject
Global
	GlobalSection(SolutionConfigurationPlatforms) = preSolution
		Debug|Any CPU = Debug|Any CPU
		Release|Any CPU = Release|Any CPU
	EndGlobalSection
	GlobalSection(ProjectConfigurationPlatforms) = postSolution
		{D5020D75-8FD3-4744-983C-7EBA636FA457}.Debug|Any CPU.ActiveCfg = Debug|Any CPU
		{D5020D75-8FD3-4744-983C-7EBA636FA457}.Debug|Any CPU.Build.0 = Debug|Any CPU
		{D5020D75-8FD3-4744-983C-7EBA636FA457}.Release|Any CPU.ActiveCfg = Release|Any CPU
		{D5020D75-8FD3-4744-983C-7EBA636FA457}.Release|Any CPU.Build.0 = Release|Any CPU
		{1DA8E475-7EF7-4A44-AFAD-429C74C670A6}.Debug|Any CPU.ActiveCfg = Debug|Any CPU
		{1DA8E475-7EF7-4A44-AFAD-429C74C670A6}.Debug|Any CPU.Build.0 = Debug|Any CPU
		{1DA8E475-7EF7-4A44-AFAD-429C74C670A6}.Release|Any CPU.ActiveCfg = Release|Any CPU
		{1DA8E475-7EF7-4A44-AFAD-429C74C670A6}.Release|Any CPU.Build.0 = Release|Any CPU
	EndGlobalSection
	GlobalSection(SolutionProperties) = preSolution
		HideSolutionNode = FALSE
	EndGlobalSection
	GlobalSection(ExtensibilityGlobals) = postSolution
		SolutionGuid = {53155EC9-2C7B-479D-8512-B5ABF7C6B8F8}
	EndGlobalSection
EndGlobal
